
Microsoft Visual Studio Solution File, Format Version 12.00
# Visual Studio Version 16
VisualStudioVersion = 16.0.29911.84
MinimumVisualStudioVersion = 10.0.40219.1
Project("{9A19103F-16F7-4668-BE54-9A1E7A4F7556}") = "SDLCore", "SDLCore\SDLCore.csproj", "{87355134-8575-4EFF-A7E9-8678B32846BA}"
EndProject
Global
	GlobalSection(SolutionConfigurationPlatforms) = preSolution
		Debug|Any CPU = Debug|Any CPU
		Debug|x64 = Debug|x64
		Debug|x86 = Debug|x86
		Release|Any CPU = Release|Any CPU
		Release|x64 = Release|x64
		Release|x86 = Release|x86
	EndGlobalSection
	GlobalSection(ProjectConfigurationPlatforms) = postSolution
		{87355134-8575-4EFF-A7E9-8678B32846BA}.Debug|Any CPU.ActiveCfg = Debug|Any CPU
		{87355134-8575-4EFF-A7E9-8678B32846BA}.Debug|Any CPU.Build.0 = Debug|Any CPU
		{87355134-8575-4EFF-A7E9-8678B32846BA}.Debug|x64.ActiveCfg = Debug|Any CPU
		{87355134-8575-4EFF-A7E9-8678B32846BA}.Debug|x64.Build.0 = Debug|Any CPU
		{87355134-8575-4EFF-A7E9-8678B32846BA}.Debug|x86.ActiveCfg = Debug|Any CPU
		{87355134-8575-4EFF-A7E9-8678B32846BA}.Debug|x86.Build.0 = Debug|Any CPU
		{87355134-8575-4EFF-A7E9-8678B32846BA}.Release|Any CPU.ActiveCfg = Release|Any CPU
		{87355134-8575-4EFF-A7E9-8678B32846BA}.Release|Any CPU.Build.0 = Release|Any CPU
		{87355134-8575-4EFF-A7E9-8678B32846BA}.Release|x64.ActiveCfg = Release|Any CPU
		{87355134-8575-4EFF-A7E9-8678B32846BA}.Release|x64.Build.0 = Release|Any CPU
		{87355134-8575-4EFF-A7E9-8678B32846BA}.Release|x86.ActiveCfg = Release|Any CPU
		{87355134-8575-4EFF-A7E9-8678B32846BA}.Release|x86.Build.0 = Release|Any CPU
	EndGlobalSection
	GlobalSection(SolutionProperties) = preSolution
		HideSolutionNode = FALSE
	EndGlobalSection
	GlobalSection(ExtensibilityGlobals) = postSolution
		SolutionGuid = {89D39902-DE76-48CE-846E-D1CD54BCD374}
	EndGlobalSection
EndGlobal
